
Microsoft Visual Studio Solution File, Format Version 12.00
# Visual Studio Version 17
VisualStudioVersion = 17.12.35527.113
MinimumVisualStudioVersion = 10.0.40219.1
Project("{2150E333-8FDC-42A3-9474-1A3956D46DE8}") = "src", "src", "{DF828098-5E2C-4A15-AF0B-03BEF3F70BC6}"
EndProject
Project("{FAE04EC0-301F-11D3-BF4B-00C04F79EFBC}") = "IronCenter.Desktop", "IronCenter.Desktop\IronCenter.Desktop.csproj", "{84D56AF8-8EBF-4137-A3C9-8539D1CC952B}"
EndProject
Project("{FAE04EC0-301F-11D3-BF4B-00C04F79EFBC}") = "IronCenter.Service", "src\IronCenter.Service\IronCenter.Service.csproj", "{DF96A170-6239-4A31-B639-E87F01F3812E}"
EndProject
Global
	GlobalSection(SolutionConfigurationPlatforms) = preSolution
		Debug|Any CPU = Debug|Any CPU
		Release|Any CPU = Release|Any CPU
	EndGlobalSection
	GlobalSection(ProjectConfigurationPlatforms) = postSolution
		{84D56AF8-8EBF-4137-A3C9-8539D1CC952B}.Debug|Any CPU.ActiveCfg = Debug|Any CPU
		{84D56AF8-8EBF-4137-A3C9-8539D1CC952B}.Debug|Any CPU.Build.0 = Debug|Any CPU
		{84D56AF8-8EBF-4137-A3C9-8539D1CC952B}.Release|Any CPU.ActiveCfg = Release|Any CPU
		{84D56AF8-8EBF-4137-A3C9-8539D1CC952B}.Release|Any CPU.Build.0 = Release|Any CPU
		{DF96A170-6239-4A31-B639-E87F01F3812E}.Debug|Any CPU.ActiveCfg = Debug|Any CPU
		{DF96A170-6239-4A31-B639-E87F01F3812E}.Debug|Any CPU.Build.0 = Debug|Any CPU
		{DF96A170-6239-4A31-B639-E87F01F3812E}.Release|Any CPU.ActiveCfg = Release|Any CPU
		{DF96A170-6239-4A31-B639-E87F01F3812E}.Release|Any CPU.Build.0 = Release|Any CPU
	EndGlobalSection
	GlobalSection(SolutionProperties) = preSolution
		HideSolutionNode = FALSE
	EndGlobalSection
	GlobalSection(NestedProjects) = preSolution
		{84D56AF8-8EBF-4137-A3C9-8539D1CC952B} = {DF828098-5E2C-4A15-AF0B-03BEF3F70BC6}
		{DF96A170-6239-4A31-B639-E87F01F3812E} = {DF828098-5E2C-4A15-AF0B-03BEF3F70BC6}
	EndGlobalSection
	GlobalSection(ExtensibilityGlobals) = postSolution
		SolutionGuid = {CF4F263C-C816-437C-B244-0A1D949AECC5}
	EndGlobalSection
EndGlobal
